
Microsoft Visual Studio Solution File, Format Version 12.00
# Visual Studio Version 16
VisualStudioVersion = 16.0.31321.278
MinimumVisualStudioVersion = 10.0.40219.1
Project("{9A19103F-16F7-4668-BE54-9A1E7A4F7556}") = "Ejercicio 8", "Ejercicio 8\Ejercicio 8.csproj", "{C582BE92-3D2E-4E55-846E-C516AE3DC9EE}"
EndProject
Project("{FAE04EC0-301F-11D3-BF4B-00C04F79EFBC}") = "Logica", "LogicLayer\Logica.csproj", "{6E626257-8DA3-4204-A136-87C2AD8462DE}"
EndProject
Global
	GlobalSection(SolutionConfigurationPlatforms) = preSolution
		Debug|Any CPU = Debug|Any CPU
		Release|Any CPU = Release|Any CPU
	EndGlobalSection
	GlobalSection(ProjectConfigurationPlatforms) = postSolution
		{C582BE92-3D2E-4E55-846E-C516AE3DC9EE}.Debug|Any CPU.ActiveCfg = Debug|Any CPU
		{C582BE92-3D2E-4E55-846E-C516AE3DC9EE}.Debug|Any CPU.Build.0 = Debug|Any CPU
		{C582BE92-3D2E-4E55-846E-C516AE3DC9EE}.Release|Any CPU.ActiveCfg = Release|Any CPU
		{C582BE92-3D2E-4E55-846E-C516AE3DC9EE}.Release|Any CPU.Build.0 = Release|Any CPU
		{6E626257-8DA3-4204-A136-87C2AD8462DE}.Debug|Any CPU.ActiveCfg = Debug|Any CPU
		{6E626257-8DA3-4204-A136-87C2AD8462DE}.Debug|Any CPU.Build.0 = Debug|Any CPU
		{6E626257-8DA3-4204-A136-87C2AD8462DE}.Release|Any CPU.ActiveCfg = Release|Any CPU
		{6E626257-8DA3-4204-A136-87C2AD8462DE}.Release|Any CPU.Build.0 = Release|Any CPU
	EndGlobalSection
	GlobalSection(SolutionProperties) = preSolution
		HideSolutionNode = FALSE
	EndGlobalSection
	GlobalSection(ExtensibilityGlobals) = postSolution
		SolutionGuid = {B088D723-79F4-4B3F-ACBF-EC89A76CE182}
	EndGlobalSection
EndGlobal
